{
  "requires": true,
  "lockfileVersion": 1,
  "dependencies": {
    "@react-native-community/segmented-control": {
      "version": "2.2.1",
      "resolved": "https://registry.npmjs.org/@react-native-community/segmented-control/-/segmented-control-2.2.1.tgz",
      "integrity": "sha512-BzxFbI9Iqv+31yVqEvCTzJYmwb8jOMTf/UPuC4Hj176tmEPqBpuDaGH+rkAFg1miOco3/43RQxiAZO+mkY40Fg=="
    },
    "moment": {
      "version": "2.29.1",
      "resolved": "https://registry.npmjs.org/moment/-/moment-2.29.1.tgz",
      "integrity": "sha512-kHmoybcPV8Sqy59DwNDY3Jefr64lK/by/da0ViFcuA4DH0vQg5Q6Ze5VimxkfQNSC+Mls/Kx53s7TjP1RhFEDQ=="
    }
  }
}
